<?xml version="1.0" encoding="utf-8"?>
<Project ToolsVersion="4.0" xmlns="http://schemas.microsoft.com/developer/msbuild/2003">
  <ItemGroup>
    <Filter Include="Source Files">
      <UniqueIdentifier>{4FC737F1-C7A5-4376-A066-2A32D752A2FF}</UniqueIdentifier>
      <Extensions>cpp;c;cc;cxx;def;odl;idl;hpj;bat;asm;asmx</Extensions>
    </Filter>
    <Filter Include="Header Files">
      <UniqueIdentifier>{93995380-89BD-4b04-88EB-625FBE52EBFB}</UniqueIdentifier>
      <Extensions>h;hpp;hxx;hm;inl;inc;xsd</Extensions>
    </Filter>
    <Filter Include="Resource Files">
      <UniqueIdentifier>{67DA6AB6-F800-4c08-8B7A-83BB121AAD01}</UniqueIdentifier>
      <Extensions>rc;ico;cur;bmp;dlg;rc2;rct;bin;rgs;gif;jpg;jpeg;jpe;resx;tiff;tif;png;wav</Extensions>
    </Filter>
    <Filter Include="Source Files\reactor">
      <UniqueIdentifier>{eacd69ce-c5ae-4a7e-a963-7c5c7ac6c2be}</UniqueIdentifier>
    </Filter>
    <Filter Include="Source Files\IO">
      <UniqueIdentifier>{69753a26-be0b-4570-8f7f-9809f73d82ea}</UniqueIdentifier>
    </Filter>
  </ItemGroup>
  <ItemGroup>
    <ClCompile Include="src\main.cpp">
      <Filter>Source Files</Filter>
    </ClCompile>
    <ClCompile Include="src\reset.cpp">
      <Filter>Source Files\reactor</Filter>
    </ClCompile>
    <ClCompile Include="src\solv_EIS.cpp">
      <Filter>Source Files\reactor</Filter>
    </ClCompile>
    <ClCompile Include="src\evaluateStep.cpp">
      <Filter>Source Files\reactor</Filter>
    </ClCompile>
    <ClCompile Include="src\controlSteps_SS.cpp">
      <Filter>Source Files\reactor</Filter>
    </ClCompile>
    <ClCompile Include="src\controlSteps_t0.cpp">
      <Filter>Source Files\reactor</Filter>
    </ClCompile>
    <ClCompile Include="src\Cat_reactor.cpp">
      <Filter>Source Files\reactor</Filter>
    </ClCompile>
    <ClCompile Include="src\timestep.cpp">
      <Filter>Source Files\reactor</Filter>
    </ClCompile>
    <ClCompile Include="src\createOutput.cpp">
      <Filter>Source Files\IO</Filter>
    </ClCompile>
    <ClCompile Include="src\writeStep.cpp">
      <Filter>Source Files\IO</Filter>
    </ClCompile>
    <ClCompile Include="src\writeHeader.cpp">
      <Filter>Source Files\IO</Filter>
    </ClCompile>
    <ClCompile Include="src\readInputFile.cpp">
      <Filter>Source Files\IO</Filter>
    </ClCompile>
    <ClCompile Include="src\ioManager.cpp">
      <Filter>Source Files\IO</Filter>
    </ClCompile>
    <ClCompile Include="src\setDefaultValues.cpp">
      <Filter>Source Files\IO</Filter>
    </ClCompile>
    <ClCompile Include="src\split.cpp">
      <Filter>Source Files\IO</Filter>
    </ClCompile>
    <ClCompile Include="src\simManager.cpp">
      <Filter>Source Files</Filter>
    </ClCompile>
    <ClCompile Include="src\varManager.cpp">
      <Filter>Source Files</Filter>
    </ClCompile>
    <ClCompile Include="src\anaManager.cpp">
      <Filter>Source Files</Filter>
    </ClCompile>
  </ItemGroup>
  <ItemGroup>
    <ClInclude Include="include\Cat_reactor.h">
      <Filter>Header Files</Filter>
    </ClInclude>
    <ClInclude Include="include\ioManager.h">
      <Filter>Header Files</Filter>
    </ClInclude>
    <ClInclude Include="include\simManager.h">
      <Filter>Header Files</Filter>
    </ClInclude>
    <ClInclude Include="include\varManager.h">
      <Filter>Header Files</Filter>
    </ClInclude>
    <ClInclude Include="resource.h">
      <Filter>Header Files</Filter>
    </ClInclude>
    <ClInclude Include="include\anaManager.h">
      <Filter>Header Files</Filter>
    </ClInclude>
  </ItemGroup>
  <ItemGroup>
    <None Include="cpp.hint" />
  </ItemGroup>
  <ItemGroup>
    <ResourceCompile Include="Cantera_catalyst.rc">
      <Filter>Resource Files</Filter>
    </ResourceCompile>
  </ItemGroup>
</Project>